
Microsoft Visual Studio Solution File, Format Version 12.00
# Visual Studio 15
VisualStudioVersion = 15.0.28307.1062
MinimumVisualStudioVersion = 10.0.40219.1
Project("{FAE04EC0-301F-11D3-BF4B-00C04F79EFBC}") = "Exercise03", "Exercise03\Exercise03.csproj", "{098417CC-CE0A-49FD-90B1-9EFE41785B93}"
EndProject
Global
	GlobalSection(SolutionConfigurationPlatforms) = preSolution
		Debug|Any CPU = Debug|Any CPU
		Release|Any CPU = Release|Any CPU
	EndGlobalSection
	GlobalSection(ProjectConfigurationPlatforms) = postSolution
		{098417CC-CE0A-49FD-90B1-9EFE41785B93}.Debug|Any CPU.ActiveCfg = Debug|Any CPU
		{098417CC-CE0A-49FD-90B1-9EFE41785B93}.Debug|Any CPU.Build.0 = Debug|Any CPU
		{098417CC-CE0A-49FD-90B1-9EFE41785B93}.Release|Any CPU.ActiveCfg = Release|Any CPU
		{098417CC-CE0A-49FD-90B1-9EFE41785B93}.Release|Any CPU.Build.0 = Release|Any CPU
	EndGlobalSection
	GlobalSection(SolutionProperties) = preSolution
		HideSolutionNode = FALSE
	EndGlobalSection
	GlobalSection(ExtensibilityGlobals) = postSolution
		SolutionGuid = {AC0AABD6-EA74-4FA2-AFBB-94E6EBC08C99}
	EndGlobalSection
EndGlobal
